
Microsoft Visual Studio Solution File, Format Version 12.00
# Visual Studio Version 17
VisualStudioVersion = 17.14.36518.9 d17.14
MinimumVisualStudioVersion = 10.0.40219.1
Project("{FAE04EC0-301F-11D3-BF4B-00C04F79EFBC}") = "PcmBackend", "PcmBackend\PcmBackend.csproj", "{9E45B4A6-B3B7-4896-9B4C-9B9564CF930E}"
EndProject
Global
	GlobalSection(SolutionConfigurationPlatforms) = preSolution
		Debug|Any CPU = Debug|Any CPU
		Release|Any CPU = Release|Any CPU
	EndGlobalSection
	GlobalSection(ProjectConfigurationPlatforms) = postSolution
		{9E45B4A6-B3B7-4896-9B4C-9B9564CF930E}.Debug|Any CPU.ActiveCfg = Debug|Any CPU
		{9E45B4A6-B3B7-4896-9B4C-9B9564CF930E}.Debug|Any CPU.Build.0 = Debug|Any CPU
		{9E45B4A6-B3B7-4896-9B4C-9B9564CF930E}.Release|Any CPU.ActiveCfg = Release|Any CPU
		{9E45B4A6-B3B7-4896-9B4C-9B9564CF930E}.Release|Any CPU.Build.0 = Release|Any CPU
	EndGlobalSection
	GlobalSection(SolutionProperties) = preSolution
		HideSolutionNode = FALSE
	EndGlobalSection
	GlobalSection(ExtensibilityGlobals) = postSolution
		SolutionGuid = {AF618A34-EE8B-45FE-BBA3-B2149C0F0EE1}
	EndGlobalSection
EndGlobal
